
Microsoft Visual Studio Solution File, Format Version 12.00
# Visual Studio Version 17
VisualStudioVersion = 17.14.36518.9 d17.14
MinimumVisualStudioVersion = 10.0.40219.1
Project("{FAE04EC0-301F-11D3-BF4B-00C04F79EFBC}") = "assignment2", "assignment2\assignment2.csproj", "{331DE0D2-EE92-48FD-A465-94F9B2466F21}"
EndProject
Project("{FAE04EC0-301F-11D3-BF4B-00C04F79EFBC}") = "assignment2.Tests", "assignment2.Tests\assignment2.Tests.csproj", "{4D7F1FE0-8545-355B-5242-87263D6B1F21}"
EndProject
Global
	GlobalSection(SolutionConfigurationPlatforms) = preSolution
		Debug|Any CPU = Debug|Any CPU
		Release|Any CPU = Release|Any CPU
	EndGlobalSection
	GlobalSection(ProjectConfigurationPlatforms) = postSolution
		{331DE0D2-EE92-48FD-A465-94F9B2466F21}.Debug|Any CPU.ActiveCfg = Debug|Any CPU
		{331DE0D2-EE92-48FD-A465-94F9B2466F21}.Debug|Any CPU.Build.0 = Debug|Any CPU
		{331DE0D2-EE92-48FD-A465-94F9B2466F21}.Release|Any CPU.ActiveCfg = Release|Any CPU
		{331DE0D2-EE92-48FD-A465-94F9B2466F21}.Release|Any CPU.Build.0 = Release|Any CPU
		{4D7F1FE0-8545-355B-5242-87263D6B1F21}.Debug|Any CPU.ActiveCfg = Debug|Any CPU
		{4D7F1FE0-8545-355B-5242-87263D6B1F21}.Debug|Any CPU.Build.0 = Debug|Any CPU
		{4D7F1FE0-8545-355B-5242-87263D6B1F21}.Release|Any CPU.ActiveCfg = Release|Any CPU
		{4D7F1FE0-8545-355B-5242-87263D6B1F21}.Release|Any CPU.Build.0 = Release|Any CPU
	EndGlobalSection
	GlobalSection(SolutionProperties) = preSolution
		HideSolutionNode = FALSE
	EndGlobalSection
	GlobalSection(ExtensibilityGlobals) = postSolution
		SolutionGuid = {6B364599-C1D3-4418-9DAD-4D7304079B82}
	EndGlobalSection
EndGlobal
