
Microsoft Visual Studio Solution File, Format Version 12.00
# Visual Studio Version 17
VisualStudioVersion = 17.14.36518.9 d17.14
MinimumVisualStudioVersion = 10.0.40219.1
Project("{FAE04EC0-301F-11D3-BF4B-00C04F79EFBC}") = "PictureViewer", "PictureViewer\PictureViewer.csproj", "{DCBD3303-26D9-44E2-9CAD-E501C287CC34}"
EndProject
Global
	GlobalSection(SolutionConfigurationPlatforms) = preSolution
		Debug|Any CPU = Debug|Any CPU
		Release|Any CPU = Release|Any CPU
	EndGlobalSection
	GlobalSection(ProjectConfigurationPlatforms) = postSolution
		{DCBD3303-26D9-44E2-9CAD-E501C287CC34}.Debug|Any CPU.ActiveCfg = Debug|Any CPU
		{DCBD3303-26D9-44E2-9CAD-E501C287CC34}.Debug|Any CPU.Build.0 = Debug|Any CPU
		{DCBD3303-26D9-44E2-9CAD-E501C287CC34}.Release|Any CPU.ActiveCfg = Release|Any CPU
		{DCBD3303-26D9-44E2-9CAD-E501C287CC34}.Release|Any CPU.Build.0 = Release|Any CPU
	EndGlobalSection
	GlobalSection(SolutionProperties) = preSolution
		HideSolutionNode = FALSE
	EndGlobalSection
	GlobalSection(ExtensibilityGlobals) = postSolution
		SolutionGuid = {C61E5B3C-167E-4192-8579-FFAF13F2AAAB}
	EndGlobalSection
EndGlobal
